lockfileVersion: '6.0'

settings:
  autoInstallPeers: true
  excludeLinksFromLockfile: false

dependencies:
  '@pnpm/global-bin-dir':
    specifier: ^3.0.1
    version: 3.0.1

packages:

  /@pnpm/constants@5.0.0:
    resolution: {integrity: sha512-VhUGKR5jvAtoBHgHAB3Kfc9g42ocVUws9iOafGAQ+xjR8uLokUCReXDpLXRRtrqw8N8yyh3gLNpCJs/AYadA1g==}
    engines: {node: '>=12.17'}
    dev: false

  /@pnpm/error@2.1.0:
    resolution: {integrity: sha512-IxtPG61WgxsDNbtWW+128RiRo6WHhm7Dm2vm77xxC/zEi/uQ35Uf59olhVT3m2/ETDw/iz7Lv1RpvPYTsglX9g==}
    engines: {node: '>=12.17'}
    dependencies:
      '@pnpm/constants': 5.0.0
    dev: false

  /@pnpm/global-bin-dir@3.0.1:
    resolution: {integrity: sha512-BVAi5ezLB4ex86MjEB//GuUDiwsVDBWbdZurg3XWGkoLbwmasqC8OME7Uh1VrPqKuTYPulsE04mOQtLw5rlF9A==}
    engines: {node: '>=12.17'}
    dependencies:
      '@pnpm/error': 2.1.0
      can-write-to-dir: 1.1.1
      path-name: 1.0.0
    dev: false

  /can-write-to-dir@1.1.1:
    resolution: {integrity: sha512-eOgiEWqjppB+3DN/5E82EQ8dTINus8d9GXMCbEsUnp2hcUIcXmBvzWmD3tXMk3CuBK0v+ddK9qw0EAF+JVRMjQ==}
    engines: {node: '>=10.13'}
    dependencies:
      path-temp: 2.0.0
    dev: false

  /crypto-random-string@2.0.0:
    resolution: {integrity: sha512-v1plID3y9r/lPhviJ1wrXpLeyUIGAZ2SHNYTEapm7/8A9nLPoyvVp3RK/EPFqn5kEznyWgYZNsRtYYIWbuG8KA==}
    engines: {node: '>=8'}
    dev: false

  /path-name@1.0.0:
    resolution: {integrity: sha512-/dcAb5vMXH0f51yvMuSUqFpxUcA8JelbRmE5mW/p4CUJxrNgK24IkstnV7ENtg2IDGBOu6izKTG6eilbnbNKWQ==}
    dev: false

  /path-temp@2.0.0:
    resolution: {integrity: sha512-92olbatybjsHTGB2CUnAM7s0mU/27gcMfLNA7t09UftndUdxywlQKur3fzXEPpfLrgZD3I2Bt8+UmiL7YDEgXQ==}
    engines: {node: '>=8.15'}
    dependencies:
      unique-string: 2.0.0
    dev: false

  /unique-string@2.0.0:
    resolution: {integrity: sha512-uNaeirEPvpZWSgzwsPGtU2zVSTrn/8L5q/IexZmH0eH6SA73CmAA5U4GwORTxQAZs95TAXLNqeLoPPNO5gZfWg==}
    engines: {node: '>=8'}
    dependencies:
      crypto-random-string: 2.0.0
    dev: false
